{
  "object": {
    "pins": [
      {
        "package": "async-http-client",
        "repositoryURL": "https://github.com/swift-server/async-http-client.git",
        "state": {
          "branch": null,
          "revision": "e2636a4c24e646d3e480fc666da0c090818beb09",
          "version": "1.1.0"
        }
      },
      {
        "package": "aws-sdk-swift",
        "repositoryURL": "https://github.com/swift-aws/aws-sdk-swift.git",
        "state": {
          "branch": null,
          "revision": "eeb30fac3d95a377d8c5bb4b33efed932061f42d",
          "version": "5.0.0-alpha.3"
        }
      },
      {
        "package": "aws-sdk-swift-core",
        "repositoryURL": "https://github.com/swift-aws/aws-sdk-swift-core.git",
        "state": {
          "branch": null,
          "revision": "ccea4b98758e9e8bb907a4dc9bb15d01d8a3c736",
          "version": "5.0.0-alpha.3.2"
        }
      },
      {
        "package": "swift-aws-lambda-runtime",
        "repositoryURL": "https://github.com/swift-server/swift-aws-lambda-runtime.git",
        "state": {
          "branch": null,
          "revision": "2bac89639fffd7b1197ab597473a4d10c459a230",
          "version": "0.2.0"
        }
      },
      {
        "package": "swift-backtrace",
        "repositoryURL": "https://github.com/swift-server/swift-backtrace.git",
        "state": {
          "branch": null,
          "revision": "f2fd8c4845a123419c348e0bc4b3839c414077d5",
          "version": "1.2.0"
        }
      },
      {
        "package": "swift-crypto",
        "repositoryURL": "https://github.com/apple/swift-crypto.git",
        "state": {
          "branch": null,
          "revision": "9b9d1868601a199334da5d14f4ab2d37d4f8d0c5",
          "version": "1.0.2"
        }
      },
      {
        "package": "swift-log",
        "repositoryURL": "https://github.com/apple/swift-log.git",
        "state": {
          "branch": null,
          "revision": "74d7b91ceebc85daf387ebb206003f78813f71aa",
          "version": "1.2.0"
        }
      },
      {
        "package": "swift-nio",
        "repositoryURL": "https://github.com/apple/swift-nio.git",
        "state": {
          "branch": null,
          "revision": "c5fa0b456524cd73dc3ddbb263d4f46c20b86ca3",
          "version": "2.17.0"
        }
      },
      {
        "package": "swift-nio-extras",
        "repositoryURL": "https://github.com/apple/swift-nio-extras.git",
        "state": {
          "branch": null,
          "revision": "b4dbfacff47fb8d0f9e0a422d8d37935a9f10570",
          "version": "1.4.0"
        }
      },
      {
        "package": "swift-nio-ssl",
        "repositoryURL": "https://github.com/apple/swift-nio-ssl.git",
        "state": {
          "branch": null,
          "revision": "af46d9b58fafbb76f9b01177568d435a1b024f99",
          "version": "2.6.2"
        }
      },
      {
        "package": "swift-nio-transport-services",
        "repositoryURL": "https://github.com/apple/swift-nio-transport-services.git",
        "state": {
          "branch": null,
          "revision": "c7f06384dc5ce7e8506de5ed9b59e35b4d88c64b",
          "version": "1.3.0"
        }
      }
    ]
  },
  "version": 1
}
