{
  "object": {
    "pins": [
      {
        "package": "async-http-client",
        "repositoryURL": "https://github.com/swift-server/async-http-client.git",
        "state": {
          "branch": null,
          "revision": "e2636a4c24e646d3e480fc666da0c090818beb09",
          "version": "1.1.0"
        }
      },
      {
        "package": "LambdaSwiftSprinter",
        "repositoryURL": "https://github.com/swift-sprinter/aws-lambda-swift-sprinter-core",
        "state": {
          "branch": null,
          "revision": "6941e41194bde0e57fb0deb23be620f2b8dd626d",
          "version": "1.0.0"
        }
      },
      {
        "package": "LambdaSwiftSprinterNioPlugin",
        "repositoryURL": "https://github.com/swift-sprinter/aws-lambda-swift-sprinter-nio-plugin",
        "state": {
          "branch": null,
          "revision": "35d3ab84bf83fc881844b5f7483cb2a1d942a23f",
          "version": "1.0.1"
        }
      },
      {
        "package": "AWSSDKSwift",
        "repositoryURL": "https://github.com/swift-aws/aws-sdk-swift.git",
        "state": {
          "branch": null,
          "revision": "dc740f3c83be9438761d32b2d5e86cb7d0d00c45",
          "version": "4.2.1"
        }
      },
      {
        "package": "AWSSDKSwiftCore",
        "repositoryURL": "https://github.com/swift-aws/aws-sdk-swift-core.git",
        "state": {
          "branch": null,
          "revision": "d702cd9d4e95fd1b2c455b436f2b655e5d966306",
          "version": "4.2.2"
        }
      },
      {
        "package": "HypertextApplicationLanguage",
        "repositoryURL": "https://github.com/swift-aws/HypertextApplicationLanguage.git",
        "state": {
          "branch": null,
          "revision": "aa2c9141d491682f17b2310aed17b9adfc006256",
          "version": "1.1.1"
        }
      },
      {
        "package": "INIParser",
        "repositoryURL": "https://github.com/swift-aws/Perfect-INIParser.git",
        "state": {
          "branch": null,
          "revision": "42de0efc7a01105e19b80d533d3d282a98277f6c",
          "version": "3.0.3"
        }
      },
      {
        "package": "swift-log",
        "repositoryURL": "https://github.com/apple/swift-log.git",
        "state": {
          "branch": null,
          "revision": "74d7b91ceebc85daf387ebb206003f78813f71aa",
          "version": "1.2.0"
        }
      },
      {
        "package": "swift-nio",
        "repositoryURL": "https://github.com/apple/swift-nio.git",
        "state": {
          "branch": null,
          "revision": "16ab4d657e1ad4e77bd5f8b94af8538561643053",
          "version": "2.14.0"
        }
      },
      {
        "package": "swift-nio-extras",
        "repositoryURL": "https://github.com/apple/swift-nio-extras.git",
        "state": {
          "branch": null,
          "revision": "b4dbfacff47fb8d0f9e0a422d8d37935a9f10570",
          "version": "1.4.0"
        }
      },
      {
        "package": "swift-nio-ssl",
        "repositoryURL": "https://github.com/apple/swift-nio-ssl.git",
        "state": {
          "branch": null,
          "revision": "af46d9b58fafbb76f9b01177568d435a1b024f99",
          "version": "2.6.2"
        }
      },
      {
        "package": "swift-nio-ssl-support",
        "repositoryURL": "https://github.com/apple/swift-nio-ssl-support.git",
        "state": {
          "branch": null,
          "revision": "c02eec4e0e6d351cd092938cf44195a8e669f555",
          "version": "1.0.0"
        }
      },
      {
        "package": "swift-nio-transport-services",
        "repositoryURL": "https://github.com/apple/swift-nio-transport-services.git",
        "state": {
          "branch": null,
          "revision": "c7f06384dc5ce7e8506de5ed9b59e35b4d88c64b",
          "version": "1.3.0"
        }
      }
    ]
  },
  "version": 1
}
